
Microsoft Visual Studio Solution File, Format Version 12.00
# Visual Studio Version 17
VisualStudioVersion = 17.14.36121.58 d17.14
MinimumVisualStudioVersion = 10.0.40219.1
Project("{2150E333-8FDC-42A3-9474-1A3956D46DE8}") = "src", "src", "{02EA681E-C7D8-13C7-8484-4AC65E1B71E8}"
EndProject
Project("{2150E333-8FDC-42A3-9474-1A3956D46DE8}") = "tests", "tests", "{BCC9F372-630A-4EF9-85A2-5BB1AE2CC010}"
EndProject
Project("{FAE04EC0-301F-11D3-BF4B-00C04F79EFBC}") = "driver-hos-state-api", "src\driver-hos-state-api\driver-hos-state-api.csproj", "{0D9FA4DB-6381-40D8-9FF4-0D3D01799565}"
EndProject
Global
	GlobalSection(SolutionConfigurationPlatforms) = preSolution
		Debug|Any CPU = Debug|Any CPU
		Release|Any CPU = Release|Any CPU
	EndGlobalSection
	GlobalSection(ProjectConfigurationPlatforms) = postSolution
		{0D9FA4DB-6381-40D8-9FF4-0D3D01799565}.Debug|Any CPU.ActiveCfg = Debug|Any CPU
		{0D9FA4DB-6381-40D8-9FF4-0D3D01799565}.Debug|Any CPU.Build.0 = Debug|Any CPU
		{0D9FA4DB-6381-40D8-9FF4-0D3D01799565}.Release|Any CPU.ActiveCfg = Release|Any CPU
		{0D9FA4DB-6381-40D8-9FF4-0D3D01799565}.Release|Any CPU.Build.0 = Release|Any CPU
	EndGlobalSection
	GlobalSection(SolutionProperties) = preSolution
		HideSolutionNode = FALSE
	EndGlobalSection
	GlobalSection(NestedProjects) = preSolution
		{0D9FA4DB-6381-40D8-9FF4-0D3D01799565} = {02EA681E-C7D8-13C7-8484-4AC65E1B71E8}
	EndGlobalSection
	GlobalSection(ExtensibilityGlobals) = postSolution
		SolutionGuid = {8FD2811C-F965-4C34-BB8E-A580AF23F2F2}
	EndGlobalSection
EndGlobal
